
Microsoft Visual Studio Solution File, Format Version 12.00
# Visual Studio Version 17
VisualStudioVersion = 17.0.31903.59
MinimumVisualStudioVersion = 10.0.40219.1
Project("{2150E333-8FDC-42A3-9474-1A3956D46DE8}") = "src", "src", "{C1C938DC-3FE2-4B7E-9B28-F2305AA174A9}"
EndProject
Project("{FAE04EC0-301F-11D3-BF4B-00C04F79EFBC}") = "FiveEGoldBox.Core", "src\FiveEGoldBox.Core\FiveEGoldBox.Core.csproj", "{74EE1F91-4FD8-4A42-B685-8DE90FCF33D4}"
EndProject
Project("{FAE04EC0-301F-11D3-BF4B-00C04F79EFBC}") = "FiveEGoldBox.Application", "src\FiveEGoldBox.Application\FiveEGoldBox.Application.csproj", "{4BE50C0B-7D52-4375-B7E9-8FB1C2019BF4}"
EndProject
Project("{FAE04EC0-301F-11D3-BF4B-00C04F79EFBC}") = "FiveEGoldBox.Console", "src\FiveEGoldBox.Console\FiveEGoldBox.Console.csproj", "{D1BFD7D7-85F1-4D21-BCB9-BB04D14F98B2}"
EndProject
Project("{2150E333-8FDC-42A3-9474-1A3956D46DE8}") = "tests", "tests", "{B1D1671C-D5F5-4EF7-951A-07D8E176A2BC}"
EndProject
Project("{FAE04EC0-301F-11D3-BF4B-00C04F79EFBC}") = "FiveEGoldBox.Core.Tests", "tests\FiveEGoldBox.Core.Tests\FiveEGoldBox.Core.Tests.csproj", "{37C8C1F2-E208-4EA2-AB93-C6452AEE0AD3}"
EndProject
Project("{FAE04EC0-301F-11D3-BF4B-00C04F79EFBC}") = "FiveEGoldBox.Application.Tests", "tests\FiveEGoldBox.Application.Tests\FiveEGoldBox.Application.Tests.csproj", "{A8DCBE63-2C11-412F-8414-D07C8121E9D3}"
EndProject
Project("{FAE04EC0-301F-11D3-BF4B-00C04F79EFBC}") = "FiveEGoldBox.Console.Tests", "tests\FiveEGoldBox.Console.Tests\FiveEGoldBox.Console.Tests.csproj", "{53D7BC91-8C86-4FAD-8D2B-7A6F3A9B94AA}"
EndProject
Global
	GlobalSection(SolutionConfigurationPlatforms) = preSolution
		Debug|Any CPU = Debug|Any CPU
		Release|Any CPU = Release|Any CPU
	EndGlobalSection
	GlobalSection(SolutionProperties) = preSolution
		HideSolutionNode = FALSE
	EndGlobalSection
	GlobalSection(ProjectConfigurationPlatforms) = postSolution
		{74EE1F91-4FD8-4A42-B685-8DE90FCF33D4}.Debug|Any CPU.ActiveCfg = Debug|Any CPU
		{74EE1F91-4FD8-4A42-B685-8DE90FCF33D4}.Debug|Any CPU.Build.0 = Debug|Any CPU
		{74EE1F91-4FD8-4A42-B685-8DE90FCF33D4}.Release|Any CPU.ActiveCfg = Release|Any CPU
		{74EE1F91-4FD8-4A42-B685-8DE90FCF33D4}.Release|Any CPU.Build.0 = Release|Any CPU
		{4BE50C0B-7D52-4375-B7E9-8FB1C2019BF4}.Debug|Any CPU.ActiveCfg = Debug|Any CPU
		{4BE50C0B-7D52-4375-B7E9-8FB1C2019BF4}.Debug|Any CPU.Build.0 = Debug|Any CPU
		{4BE50C0B-7D52-4375-B7E9-8FB1C2019BF4}.Release|Any CPU.ActiveCfg = Release|Any CPU
		{4BE50C0B-7D52-4375-B7E9-8FB1C2019BF4}.Release|Any CPU.Build.0 = Release|Any CPU
		{37C8C1F2-E208-4EA2-AB93-C6452AEE0AD3}.Debug|Any CPU.ActiveCfg = Debug|Any CPU
		{37C8C1F2-E208-4EA2-AB93-C6452AEE0AD3}.Debug|Any CPU.Build.0 = Debug|Any CPU
		{37C8C1F2-E208-4EA2-AB93-C6452AEE0AD3}.Release|Any CPU.ActiveCfg = Release|Any CPU
		{37C8C1F2-E208-4EA2-AB93-C6452AEE0AD3}.Release|Any CPU.Build.0 = Release|Any CPU
		{A8DCBE63-2C11-412F-8414-D07C8121E9D3}.Debug|Any CPU.ActiveCfg = Debug|Any CPU
		{A8DCBE63-2C11-412F-8414-D07C8121E9D3}.Debug|Any CPU.Build.0 = Debug|Any CPU
		{A8DCBE63-2C11-412F-8414-D07C8121E9D3}.Release|Any CPU.ActiveCfg = Release|Any CPU
		{A8DCBE63-2C11-412F-8414-D07C8121E9D3}.Release|Any CPU.Build.0 = Release|Any CPU
		{D1BFD7D7-85F1-4D21-BCB9-BB04D14F98B2}.Debug|Any CPU.ActiveCfg = Debug|Any CPU
		{D1BFD7D7-85F1-4D21-BCB9-BB04D14F98B2}.Debug|Any CPU.Build.0 = Debug|Any CPU
		{D1BFD7D7-85F1-4D21-BCB9-BB04D14F98B2}.Release|Any CPU.ActiveCfg = Release|Any CPU
		{D1BFD7D7-85F1-4D21-BCB9-BB04D14F98B2}.Release|Any CPU.Build.0 = Release|Any CPU
		{53D7BC91-8C86-4FAD-8D2B-7A6F3A9B94AA}.Debug|Any CPU.ActiveCfg = Debug|Any CPU
		{53D7BC91-8C86-4FAD-8D2B-7A6F3A9B94AA}.Debug|Any CPU.Build.0 = Debug|Any CPU
		{53D7BC91-8C86-4FAD-8D2B-7A6F3A9B94AA}.Release|Any CPU.ActiveCfg = Release|Any CPU
		{53D7BC91-8C86-4FAD-8D2B-7A6F3A9B94AA}.Release|Any CPU.Build.0 = Release|Any CPU
	EndGlobalSection
	GlobalSection(NestedProjects) = preSolution
		{74EE1F91-4FD8-4A42-B685-8DE90FCF33D4} = {C1C938DC-3FE2-4B7E-9B28-F2305AA174A9}
		{4BE50C0B-7D52-4375-B7E9-8FB1C2019BF4} = {C1C938DC-3FE2-4B7E-9B28-F2305AA174A9}
		{37C8C1F2-E208-4EA2-AB93-C6452AEE0AD3} = {B1D1671C-D5F5-4EF7-951A-07D8E176A2BC}
		{A8DCBE63-2C11-412F-8414-D07C8121E9D3} = {B1D1671C-D5F5-4EF7-951A-07D8E176A2BC}
		{D1BFD7D7-85F1-4D21-BCB9-BB04D14F98B2} = {C1C938DC-3FE2-4B7E-9B28-F2305AA174A9}
		{53D7BC91-8C86-4FAD-8D2B-7A6F3A9B94AA} = {B1D1671C-D5F5-4EF7-951A-07D8E176A2BC}
	EndGlobalSection
EndGlobal
