
Microsoft Visual Studio Solution File, Format Version 12.00
# Visual Studio Version 17
VisualStudioVersion = 17.0.31903.59
MinimumVisualStudioVersion = 10.0.40219.1
Project("{2150E333-8FDC-42A3-9474-1A3956D46DE8}") = "src", "src", "{C1C938DC-3FE2-4B7E-9B28-F2305AA174A9}"
EndProject
Project("{FAE04EC0-301F-11D3-BF4B-00C04F79EFBC}") = "FiveEGoldBox.Core", "src\FiveEGoldBox.Core\FiveEGoldBox.Core.csproj", "{74EE1F91-4FD8-4A42-B685-8DE90FCF33D4}"
EndProject
Project("{2150E333-8FDC-42A3-9474-1A3956D46DE8}") = "tests", "tests", "{B1D1671C-D5F5-4EF7-951A-07D8E176A2BC}"
EndProject
Project("{FAE04EC0-301F-11D3-BF4B-00C04F79EFBC}") = "FiveEGoldBox.Core.Tests", "tests\FiveEGoldBox.Core.Tests\FiveEGoldBox.Core.Tests.csproj", "{37C8C1F2-E208-4EA2-AB93-C6452AEE0AD3}"
EndProject
Global
	GlobalSection(SolutionConfigurationPlatforms) = preSolution
		Debug|Any CPU = Debug|Any CPU
		Release|Any CPU = Release|Any CPU
	EndGlobalSection
	GlobalSection(SolutionProperties) = preSolution
		HideSolutionNode = FALSE
	EndGlobalSection
	GlobalSection(ProjectConfigurationPlatforms) = postSolution
		{74EE1F91-4FD8-4A42-B685-8DE90FCF33D4}.Debug|Any CPU.ActiveCfg = Debug|Any CPU
		{74EE1F91-4FD8-4A42-B685-8DE90FCF33D4}.Debug|Any CPU.Build.0 = Debug|Any CPU
		{74EE1F91-4FD8-4A42-B685-8DE90FCF33D4}.Release|Any CPU.ActiveCfg = Release|Any CPU
		{74EE1F91-4FD8-4A42-B685-8DE90FCF33D4}.Release|Any CPU.Build.0 = Release|Any CPU
		{37C8C1F2-E208-4EA2-AB93-C6452AEE0AD3}.Debug|Any CPU.ActiveCfg = Debug|Any CPU
		{37C8C1F2-E208-4EA2-AB93-C6452AEE0AD3}.Debug|Any CPU.Build.0 = Debug|Any CPU
		{37C8C1F2-E208-4EA2-AB93-C6452AEE0AD3}.Release|Any CPU.ActiveCfg = Release|Any CPU
		{37C8C1F2-E208-4EA2-AB93-C6452AEE0AD3}.Release|Any CPU.Build.0 = Release|Any CPU
	EndGlobalSection
	GlobalSection(NestedProjects) = preSolution
		{74EE1F91-4FD8-4A42-B685-8DE90FCF33D4} = {C1C938DC-3FE2-4B7E-9B28-F2305AA174A9}
		{37C8C1F2-E208-4EA2-AB93-C6452AEE0AD3} = {B1D1671C-D5F5-4EF7-951A-07D8E176A2BC}
	EndGlobalSection
EndGlobal
